
Microsoft Visual Studio Solution File, Format Version 12.00
# Visual Studio 15
VisualStudioVersion = 15.0.27703.2042
MinimumVisualStudioVersion = 10.0.40219.1
Project("{FAE04EC0-301F-11D3-BF4B-00C04F79EFBC}") = "GreenBankX.Android", "GreenBankX\GreenBankX.Android\GreenBankX.Android.csproj", "{48589C2C-5A31-4661-A486-2E111F320FEA}"
EndProject
Project("{FAE04EC0-301F-11D3-BF4B-00C04F79EFBC}") = "GreenBankX.iOS", "GreenBankX\GreenBankX.iOS\GreenBankX.iOS.csproj", "{38A2D571-DBDF-4A35-A57F-F8E0ABC30FAD}"
EndProject
Project("{9A19103F-16F7-4668-BE54-9A1E7A4F7556}") = "GreenBankX", "GreenBankX\GreenBankX\GreenBankX.csproj", "{11E73AE8-36D7-45C5-AAB1-744F6FD7A8C3}"
EndProject
Global
	GlobalSection(SolutionConfigurationPlatforms) = preSolution
		Ad-Hoc|Any CPU = Ad-Hoc|Any CPU
		Ad-Hoc|iPhone = Ad-Hoc|iPhone
		Ad-Hoc|iPhoneSimulator = Ad-Hoc|iPhoneSimulator
		AppStore|Any CPU = AppStore|Any CPU
		AppStore|iPhone = AppStore|iPhone
		AppStore|iPhoneSimulator = AppStore|iPhoneSimulator
		Debug|Any CPU = Debug|Any CPU
		Debug|iPhone = Debug|iPhone
		Debug|iPhoneSimulator = Debug|iPhoneSimulator
		Release|Any CPU = Release|Any CPU
		Release|iPhone = Release|iPhone
		Release|iPhoneSimulator = Release|iPhoneSimulator
	EndGlobalSection
	GlobalSection(ProjectConfigurationPlatforms) = postSolution
		{48589C2C-5A31-4661-A486-2E111F320FEA}.Ad-Hoc|Any CPU.ActiveCfg = Release|Any CPU
		{48589C2C-5A31-4661-A486-2E111F320FEA}.Ad-Hoc|Any CPU.Build.0 = Release|Any CPU
		{48589C2C-5A31-4661-A486-2E111F320FEA}.Ad-Hoc|Any CPU.Deploy.0 = Release|Any CPU
		{48589C2C-5A31-4661-A486-2E111F320FEA}.Ad-Hoc|iPhone.ActiveCfg = Release|Any CPU
		{48589C2C-5A31-4661-A486-2E111F320FEA}.Ad-Hoc|iPhone.Build.0 = Release|Any CPU
		{48589C2C-5A31-4661-A486-2E111F320FEA}.Ad-Hoc|iPhone.Deploy.0 = Release|Any CPU
		{48589C2C-5A31-4661-A486-2E111F320FEA}.Ad-Hoc|iPhoneSimulator.ActiveCfg = Release|Any CPU
		{48589C2C-5A31-4661-A486-2E111F320FEA}.Ad-Hoc|iPhoneSimulator.Build.0 = Release|Any CPU
		{48589C2C-5A31-4661-A486-2E111F320FEA}.Ad-Hoc|iPhoneSimulator.Deploy.0 = Release|Any CPU
		{48589C2C-5A31-4661-A486-2E111F320FEA}.AppStore|Any CPU.ActiveCfg = Release|Any CPU
		{48589C2C-5A31-4661-A486-2E111F320FEA}.AppStore|Any CPU.Build.0 = Release|Any CPU
		{48589C2C-5A31-4661-A486-2E111F320FEA}.AppStore|Any CPU.Deploy.0 = Release|Any CPU
		{48589C2C-5A31-4661-A486-2E111F320FEA}.AppStore|iPhone.ActiveCfg = Release|Any CPU
		{48589C2C-5A31-4661-A486-2E111F320FEA}.AppStore|iPhone.Build.0 = Release|Any CPU
		{48589C2C-5A31-4661-A486-2E111F320FEA}.AppStore|iPhone.Deploy.0 = Release|Any CPU
		{48589C2C-5A31-4661-A486-2E111F320FEA}.AppStore|iPhoneSimulator.ActiveCfg = Release|Any CPU
		{48589C2C-5A31-4661-A486-2E111F320FEA}.AppStore|iPhoneSimulator.Build.0 = Release|Any CPU
		{48589C2C-5A31-4661-A486-2E111F320FEA}.AppStore|iPhoneSimulator.Deploy.0 = Release|Any CPU
		{48589C2C-5A31-4661-A486-2E111F320FEA}.Debug|Any CPU.ActiveCfg = Debug|Any CPU
		{48589C2C-5A31-4661-A486-2E111F320FEA}.Debug|Any CPU.Build.0 = Debug|Any CPU
		{48589C2C-5A31-4661-A486-2E111F320FEA}.Debug|Any CPU.Deploy.0 = Debug|Any CPU
		{48589C2C-5A31-4661-A486-2E111F320FEA}.Debug|iPhone.ActiveCfg = Debug|Any CPU
		{48589C2C-5A31-4661-A486-2E111F320FEA}.Debug|iPhone.Build.0 = Debug|Any CPU
		{48589C2C-5A31-4661-A486-2E111F320FEA}.Debug|iPhone.Deploy.0 = Debug|Any CPU
		{48589C2C-5A31-4661-A486-2E111F320FEA}.Debug|iPhoneSimulator.ActiveCfg = Debug|Any CPU
		{48589C2C-5A31-4661-A486-2E111F320FEA}.Debug|iPhoneSimulator.Build.0 = Debug|Any CPU
		{48589C2C-5A31-4661-A486-2E111F320FEA}.Debug|iPhoneSimulator.Deploy.0 = Debug|Any CPU
		{48589C2C-5A31-4661-A486-2E111F320FEA}.Release|Any CPU.ActiveCfg = Release|Any CPU
		{48589C2C-5A31-4661-A486-2E111F320FEA}.Release|Any CPU.Build.0 = Release|Any CPU
		{48589C2C-5A31-4661-A486-2E111F320FEA}.Release|Any CPU.Deploy.0 = Release|Any CPU
		{48589C2C-5A31-4661-A486-2E111F320FEA}.Release|iPhone.ActiveCfg = Release|Any CPU
		{48589C2C-5A31-4661-A486-2E111F320FEA}.Release|iPhone.Build.0 = Release|Any CPU
		{48589C2C-5A31-4661-A486-2E111F320FEA}.Release|iPhone.Deploy.0 = Release|Any CPU
		{48589C2C-5A31-4661-A486-2E111F320FEA}.Release|iPhoneSimulator.ActiveCfg = Release|Any CPU
		{48589C2C-5A31-4661-A486-2E111F320FEA}.Release|iPhoneSimulator.Build.0 = Release|Any CPU
		{48589C2C-5A31-4661-A486-2E111F320FEA}.Release|iPhoneSimulator.Deploy.0 = Release|Any CPU
		{38A2D571-DBDF-4A35-A57F-F8E0ABC30FAD}.Ad-Hoc|Any CPU.ActiveCfg = Ad-Hoc|iPhone
		{38A2D571-DBDF-4A35-A57F-F8E0ABC30FAD}.Ad-Hoc|Any CPU.Build.0 = Ad-Hoc|iPhone
		{38A2D571-DBDF-4A35-A57F-F8E0ABC30FAD}.Ad-Hoc|Any CPU.Deploy.0 = Ad-Hoc|iPhone
		{38A2D571-DBDF-4A35-A57F-F8E0ABC30FAD}.Ad-Hoc|iPhone.ActiveCfg = Ad-Hoc|iPhone
		{38A2D571-DBDF-4A35-A57F-F8E0ABC30FAD}.Ad-Hoc|iPhone.Build.0 = Ad-Hoc|iPhone
		{38A2D571-DBDF-4A35-A57F-F8E0ABC30FAD}.Ad-Hoc|iPhone.Deploy.0 = Ad-Hoc|iPhone
		{38A2D571-DBDF-4A35-A57F-F8E0ABC30FAD}.Ad-Hoc|iPhoneSimulator.ActiveCfg = Ad-Hoc|iPhoneSimulator
		{38A2D571-DBDF-4A35-A57F-F8E0ABC30FAD}.Ad-Hoc|iPhoneSimulator.Build.0 = Ad-Hoc|iPhoneSimulator
		{38A2D571-DBDF-4A35-A57F-F8E0ABC30FAD}.Ad-Hoc|iPhoneSimulator.Deploy.0 = Ad-Hoc|iPhoneSimulator
		{38A2D571-DBDF-4A35-A57F-F8E0ABC30FAD}.AppStore|Any CPU.ActiveCfg = AppStore|iPhone
		{38A2D571-DBDF-4A35-A57F-F8E0ABC30FAD}.AppStore|Any CPU.Build.0 = AppStore|iPhone
		{38A2D571-DBDF-4A35-A57F-F8E0ABC30FAD}.AppStore|Any CPU.Deploy.0 = AppStore|iPhone
		{38A2D571-DBDF-4A35-A57F-F8E0ABC30FAD}.AppStore|iPhone.ActiveCfg = AppStore|iPhone
		{38A2D571-DBDF-4A35-A57F-F8E0ABC30FAD}.AppStore|iPhone.Build.0 = AppStore|iPhone
		{38A2D571-DBDF-4A35-A57F-F8E0ABC30FAD}.AppStore|iPhone.Deploy.0 = AppStore|iPhone
		{38A2D571-DBDF-4A35-A57F-F8E0ABC30FAD}.AppStore|iPhoneSimulator.ActiveCfg = AppStore|iPhoneSimulator
		{38A2D571-DBDF-4A35-A57F-F8E0ABC30FAD}.AppStore|iPhoneSimulator.Build.0 = AppStore|iPhoneSimulator
		{38A2D571-DBDF-4A35-A57F-F8E0ABC30FAD}.AppStore|iPhoneSimulator.Deploy.0 = AppStore|iPhoneSimulator
		{38A2D571-DBDF-4A35-A57F-F8E0ABC30FAD}.Debug|Any CPU.ActiveCfg = Debug|iPhoneSimulator
		{38A2D571-DBDF-4A35-A57F-F8E0ABC30FAD}.Debug|Any CPU.Deploy.0 = Debug|iPhoneSimulator
		{38A2D571-DBDF-4A35-A57F-F8E0ABC30FAD}.Debug|iPhone.ActiveCfg = Debug|iPhone
		{38A2D571-DBDF-4A35-A57F-F8E0ABC30FAD}.Debug|iPhone.Build.0 = Debug|iPhone
		{38A2D571-DBDF-4A35-A57F-F8E0ABC30FAD}.Debug|iPhone.Deploy.0 = Debug|iPhone
		{38A2D571-DBDF-4A35-A57F-F8E0ABC30FAD}.Debug|iPhoneSimulator.ActiveCfg = Debug|iPhoneSimulator
		{38A2D571-DBDF-4A35-A57F-F8E0ABC30FAD}.Debug|iPhoneSimulator.Build.0 = Debug|iPhoneSimulator
		{38A2D571-DBDF-4A35-A57F-F8E0ABC30FAD}.Debug|iPhoneSimulator.Deploy.0 = Debug|iPhoneSimulator
		{38A2D571-DBDF-4A35-A57F-F8E0ABC30FAD}.Release|Any CPU.ActiveCfg = Release|iPhone
		{38A2D571-DBDF-4A35-A57F-F8E0ABC30FAD}.Release|Any CPU.Build.0 = Release|iPhone
		{38A2D571-DBDF-4A35-A57F-F8E0ABC30FAD}.Release|Any CPU.Deploy.0 = Release|iPhone
		{38A2D571-DBDF-4A35-A57F-F8E0ABC30FAD}.Release|iPhone.ActiveCfg = Release|iPhone
		{38A2D571-DBDF-4A35-A57F-F8E0ABC30FAD}.Release|iPhone.Build.0 = Release|iPhone
		{38A2D571-DBDF-4A35-A57F-F8E0ABC30FAD}.Release|iPhone.Deploy.0 = Release|iPhone
		{38A2D571-DBDF-4A35-A57F-F8E0ABC30FAD}.Release|iPhoneSimulator.ActiveCfg = Release|iPhoneSimulator
		{38A2D571-DBDF-4A35-A57F-F8E0ABC30FAD}.Release|iPhoneSimulator.Build.0 = Release|iPhoneSimulator
		{38A2D571-DBDF-4A35-A57F-F8E0ABC30FAD}.Release|iPhoneSimulator.Deploy.0 = Release|iPhoneSimulator
		{11E73AE8-36D7-45C5-AAB1-744F6FD7A8C3}.Ad-Hoc|Any CPU.ActiveCfg = Debug|Any CPU
		{11E73AE8-36D7-45C5-AAB1-744F6FD7A8C3}.Ad-Hoc|Any CPU.Build.0 = Debug|Any CPU
		{11E73AE8-36D7-45C5-AAB1-744F6FD7A8C3}.Ad-Hoc|Any CPU.Deploy.0 = Debug|Any CPU
		{11E73AE8-36D7-45C5-AAB1-744F6FD7A8C3}.Ad-Hoc|iPhone.ActiveCfg = Debug|Any CPU
		{11E73AE8-36D7-45C5-AAB1-744F6FD7A8C3}.Ad-Hoc|iPhone.Build.0 = Debug|Any CPU
		{11E73AE8-36D7-45C5-AAB1-744F6FD7A8C3}.Ad-Hoc|iPhone.Deploy.0 = Debug|Any CPU
		{11E73AE8-36D7-45C5-AAB1-744F6FD7A8C3}.Ad-Hoc|iPhoneSimulator.ActiveCfg = Debug|Any CPU
		{11E73AE8-36D7-45C5-AAB1-744F6FD7A8C3}.Ad-Hoc|iPhoneSimulator.Build.0 = Debug|Any CPU
		{11E73AE8-36D7-45C5-AAB1-744F6FD7A8C3}.Ad-Hoc|iPhoneSimulator.Deploy.0 = Debug|Any CPU
		{11E73AE8-36D7-45C5-AAB1-744F6FD7A8C3}.AppStore|Any CPU.ActiveCfg = Debug|Any CPU
		{11E73AE8-36D7-45C5-AAB1-744F6FD7A8C3}.AppStore|Any CPU.Build.0 = Debug|Any CPU
		{11E73AE8-36D7-45C5-AAB1-744F6FD7A8C3}.AppStore|Any CPU.Deploy.0 = Debug|Any CPU
		{11E73AE8-36D7-45C5-AAB1-744F6FD7A8C3}.AppStore|iPhone.ActiveCfg = Debug|Any CPU
		{11E73AE8-36D7-45C5-AAB1-744F6FD7A8C3}.AppStore|iPhone.Build.0 = Debug|Any CPU
		{11E73AE8-36D7-45C5-AAB1-744F6FD7A8C3}.AppStore|iPhone.Deploy.0 = Debug|Any CPU
		{11E73AE8-36D7-45C5-AAB1-744F6FD7A8C3}.AppStore|iPhoneSimulator.ActiveCfg = Debug|Any CPU
		{11E73AE8-36D7-45C5-AAB1-744F6FD7A8C3}.AppStore|iPhoneSimulator.Build.0 = Debug|Any CPU
		{11E73AE8-36D7-45C5-AAB1-744F6FD7A8C3}.AppStore|iPhoneSimulator.Deploy.0 = Debug|Any CPU
		{11E73AE8-36D7-45C5-AAB1-744F6FD7A8C3}.Debug|Any CPU.ActiveCfg = Debug|Any CPU
		{11E73AE8-36D7-45C5-AAB1-744F6FD7A8C3}.Debug|Any CPU.Build.0 = Debug|Any CPU
		{11E73AE8-36D7-45C5-AAB1-744F6FD7A8C3}.Debug|Any CPU.Deploy.0 = Debug|Any CPU
		{11E73AE8-36D7-45C5-AAB1-744F6FD7A8C3}.Debug|iPhone.ActiveCfg = Debug|Any CPU
		{11E73AE8-36D7-45C5-AAB1-744F6FD7A8C3}.Debug|iPhone.Build.0 = Debug|Any CPU
		{11E73AE8-36D7-45C5-AAB1-744F6FD7A8C3}.Debug|iPhone.Deploy.0 = Debug|Any CPU
		{11E73AE8-36D7-45C5-AAB1-744F6FD7A8C3}.Debug|iPhoneSimulator.ActiveCfg = Debug|Any CPU
		{11E73AE8-36D7-45C5-AAB1-744F6FD7A8C3}.Debug|iPhoneSimulator.Build.0 = Debug|Any CPU
		{11E73AE8-36D7-45C5-AAB1-744F6FD7A8C3}.Debug|iPhoneSimulator.Deploy.0 = Debug|Any CPU
		{11E73AE8-36D7-45C5-AAB1-744F6FD7A8C3}.Release|Any CPU.ActiveCfg = Release|Any CPU
		{11E73AE8-36D7-45C5-AAB1-744F6FD7A8C3}.Release|Any CPU.Build.0 = Release|Any CPU
		{11E73AE8-36D7-45C5-AAB1-744F6FD7A8C3}.Release|Any CPU.Deploy.0 = Release|Any CPU
		{11E73AE8-36D7-45C5-AAB1-744F6FD7A8C3}.Release|iPhone.ActiveCfg = Release|Any CPU
		{11E73AE8-36D7-45C5-AAB1-744F6FD7A8C3}.Release|iPhone.Build.0 = Release|Any CPU
		{11E73AE8-36D7-45C5-AAB1-744F6FD7A8C3}.Release|iPhone.Deploy.0 = Release|Any CPU
		{11E73AE8-36D7-45C5-AAB1-744F6FD7A8C3}.Release|iPhoneSimulator.ActiveCfg = Release|Any CPU
		{11E73AE8-36D7-45C5-AAB1-744F6FD7A8C3}.Release|iPhoneSimulator.Build.0 = Release|Any CPU
		{11E73AE8-36D7-45C5-AAB1-744F6FD7A8C3}.Release|iPhoneSimulator.Deploy.0 = Release|Any CPU
	EndGlobalSection
	GlobalSection(SolutionProperties) = preSolution
		HideSolutionNode = FALSE
	EndGlobalSection
	GlobalSection(ExtensibilityGlobals) = postSolution
		SolutionGuid = {6945629D-1682-434F-84EF-7075DB43E485}
	EndGlobalSection
EndGlobal
